
Microsoft Visual Studio Solution File, Format Version 12.00
# Visual Studio Version 16
VisualStudioVersion = 16.0.30309.148
MinimumVisualStudioVersion = 10.0.40219.1
Project("{FAE04EC0-301F-11D3-BF4B-00C04F79EFBC}") = "WebApplication1", "WebApplication1\WebApplication1.csproj", "{EC5DC53E-D2C2-4C98-BA9D-500E38E6A448}"
EndProject
Global
	GlobalSection(SolutionConfigurationPlatforms) = preSolution
		Debug|Any CPU = Debug|Any CPU
		Release|Any CPU = Release|Any CPU
	EndGlobalSection
	GlobalSection(ProjectConfigurationPlatforms) = postSolution
		{EC5DC53E-D2C2-4C98-BA9D-500E38E6A448}.Debug|Any CPU.ActiveCfg = Debug|Any CPU
		{EC5DC53E-D2C2-4C98-BA9D-500E38E6A448}.Debug|Any CPU.Build.0 = Debug|Any CPU
		{EC5DC53E-D2C2-4C98-BA9D-500E38E6A448}.Release|Any CPU.ActiveCfg = Release|Any CPU
		{EC5DC53E-D2C2-4C98-BA9D-500E38E6A448}.Release|Any CPU.Build.0 = Release|Any CPU
	EndGlobalSection
	GlobalSection(SolutionProperties) = preSolution
		HideSolutionNode = FALSE
	EndGlobalSection
	GlobalSection(ExtensibilityGlobals) = postSolution
		SolutionGuid = {3BF652B7-F3D8-4B97-B3C6-5F7F4ACC4EFA}
	EndGlobalSection
EndGlobal
